
Microsoft Visual Studio Solution File, Format Version 12.00
# Visual Studio 15
VisualStudioVersion = 15.0.28307.106
MinimumVisualStudioVersion = 10.0.40219.1
Project("{9A19103F-16F7-4668-BE54-9A1E7A4F7556}") = "UnDataApi", "UnDataApi\UnDataApi.csproj", "{071E704A-2B40-48FF-9690-34886391ACF1}"
EndProject
Project("{9A19103F-16F7-4668-BE54-9A1E7A4F7556}") = "UnDataApiTests", "UnDataApiTests\UnDataApiTests.csproj", "{16D6BBD1-76E7-4D41-B251-45DA59C8227E}"
EndProject
Project("{9A19103F-16F7-4668-BE54-9A1E7A4F7556}") = "DataAcessApp", "DataAcessApp\DataAcessApp.csproj", "{F114A028-4DFD-48F6-80B4-BCFD94D37DF3}"
EndProject
Global
	GlobalSection(SolutionConfigurationPlatforms) = preSolution
		Debug|Any CPU = Debug|Any CPU
		Release|Any CPU = Release|Any CPU
	EndGlobalSection
	GlobalSection(ProjectConfigurationPlatforms) = postSolution
		{071E704A-2B40-48FF-9690-34886391ACF1}.Debug|Any CPU.ActiveCfg = Debug|Any CPU
		{071E704A-2B40-48FF-9690-34886391ACF1}.Debug|Any CPU.Build.0 = Debug|Any CPU
		{071E704A-2B40-48FF-9690-34886391ACF1}.Release|Any CPU.ActiveCfg = Release|Any CPU
		{071E704A-2B40-48FF-9690-34886391ACF1}.Release|Any CPU.Build.0 = Release|Any CPU
		{16D6BBD1-76E7-4D41-B251-45DA59C8227E}.Debug|Any CPU.ActiveCfg = Debug|Any CPU
		{16D6BBD1-76E7-4D41-B251-45DA59C8227E}.Debug|Any CPU.Build.0 = Debug|Any CPU
		{16D6BBD1-76E7-4D41-B251-45DA59C8227E}.Release|Any CPU.ActiveCfg = Release|Any CPU
		{16D6BBD1-76E7-4D41-B251-45DA59C8227E}.Release|Any CPU.Build.0 = Release|Any CPU
		{F114A028-4DFD-48F6-80B4-BCFD94D37DF3}.Debug|Any CPU.ActiveCfg = Debug|Any CPU
		{F114A028-4DFD-48F6-80B4-BCFD94D37DF3}.Debug|Any CPU.Build.0 = Debug|Any CPU
		{F114A028-4DFD-48F6-80B4-BCFD94D37DF3}.Release|Any CPU.ActiveCfg = Release|Any CPU
		{F114A028-4DFD-48F6-80B4-BCFD94D37DF3}.Release|Any CPU.Build.0 = Release|Any CPU
	EndGlobalSection
	GlobalSection(SolutionProperties) = preSolution
		HideSolutionNode = FALSE
	EndGlobalSection
	GlobalSection(ExtensibilityGlobals) = postSolution
		SolutionGuid = {879E616D-F628-4697-B9E1-CD19E2A5B164}
	EndGlobalSection
EndGlobal
